// !$*UTF8*$!
{
	archiveVersion = 1;
	classes = {
	};
	objectVersion = 50;
	objects = {

/* Begin PBXBuildFile section */
		B52E167A8AF4E39EF2CEA446 /* libPods-ThinkFast.a in Frameworks */ = {isa = PBXBuildFile; fileRef = 90DD721DC31ED275D6E7A43A /* libPods-ThinkFast.a */; };
		F7040C9D26703E8500032247 /* AppDelegate.swift in Sources */ = {isa = PBXBuildFile; fileRef = F7040C9C26703E8500032247 /* AppDelegate.swift */; };
		F7040C9F26703E8500032247 /* SceneDelegate.swift in Sources */ = {isa = PBXBuildFile; fileRef = F7040C9E26703E8500032247 /* SceneDelegate.swift */; };
		F7040CA126703E8500032247 /* ViewController.swift in Sources */ = {isa = PBXBuildFile; fileRef = F7040CA026703E8500032247 /* ViewController.swift */; };
		F7040CA426703E8500032247 /* Main.storyboard in Resources */ = {isa = PBXBuildFile; fileRef = F7040CA226703E8500032247 /* Main.storyboard */; };
		F7040CA626703E8700032247 /* Assets.xcassets in Resources */ = {isa = PBXBuildFile; fileRef = F7040CA526703E8700032247 /* Assets.xcassets */; };
		F7040CA926703E8700032247 /* LaunchScreen.storyboard in Resources */ = {isa = PBXBuildFile; fileRef = F7040CA726703E8700032247 /* LaunchScreen.storyboard */; };
		F7040CB12670449E00032247 /* GameScreenController.swift in Sources */ = {isa = PBXBuildFile; fileRef = F7040CB02670449E00032247 /* GameScreenController.swift */; };
		F730A20526C353F300271D23 /* confetti-firework.json in Resources */ = {isa = PBXBuildFile; fileRef = F730A20426C353F300271D23 /* confetti-firework.json */; };
		F76F0FF626A10CF500EF2A9F /* confetti.json in Resources */ = {isa = PBXBuildFile; fileRef = F76F0FF526A10CF500EF2A9F /* confetti.json */; };
		F7879D8E2682BBC600E296FD /* loseViewController.swift in Sources */ = {isa = PBXBuildFile; fileRef = F7879D8D2682BBC600E296FD /* loseViewController.swift */; };
		F7879D902685591F00E296FD /* goodJobScreen.swift in Sources */ = {isa = PBXBuildFile; fileRef = F7879D8F2685591F00E296FD /* goodJobScreen.swift */; };
/* End PBXBuildFile section */

/* Begin PBXFileReference section */
		90DD721DC31ED275D6E7A43A /* libPods-ThinkFast.a */ = {isa = PBXFileReference; explicitFileType = archive.ar; includeInIndex = 0; path = "libPods-ThinkFast.a"; sourceTree = BUILT_PRODUCTS_DIR; };
		9949DCCDD53FEFBA3C9BF29E /* Pods-ThinkFast.release.xcconfig */ = {isa = PBXFileReference; includeInIndex = 1; lastKnownFileType = text.xcconfig; name = "Pods-ThinkFast.release.xcconfig"; path = "Target Support Files/Pods-ThinkFast/Pods-ThinkFast.release.xcconfig"; sourceTree = "<group>"; };
		DA442EC4BB52C73FF7886B6F /* Pods-ThinkFast.debug.xcconfig */ = {isa = PBXFileReference; includeInIndex = 1; lastKnownFileType = text.xcconfig; name = "Pods-ThinkFast.debug.xcconfig"; path = "Target Support Files/Pods-ThinkFast/Pods-ThinkFast.debug.xcconfig"; sourceTree = "<group>"; };
		F7040C9926703E8500032247 /* ThinkFast.app */ = {isa = PBXFileReference; explicitFileType = wrapper.application; includeInIndex = 0; path = ThinkFast.app; sourceTree = BUILT_PRODUCTS_DIR; };
		F7040C9C26703E8500032247 /* AppDelegate.swift */ = {isa = PBXFileReference; lastKnownFileType = sourcecode.swift; path = AppDelegate.swift; sourceTree = "<group>"; };
		F7040C9E26703E8500032247 /* SceneDelegate.swift */ = {isa = PBXFileReference; lastKnownFileType = sourcecode.swift; path = SceneDelegate.swift; sourceTree = "<group>"; };
		F7040CA026703E8500032247 /* ViewController.swift */ = {isa = PBXFileReference; lastKnownFileType = sourcecode.swift; path = ViewController.swift; sourceTree = "<group>"; };
		F7040CA326703E8500032247 /* Base */ = {isa = PBXFileReference; lastKnownFileType = file.storyboard; name = Base; path = Base.lproj/Main.storyboard; sourceTree = "<group>"; };
		F7040CA526703E8700032247 /* Assets.xcassets */ = {isa = PBXFileReference; lastKnownFileType = folder.assetcatalog; path = Assets.xcassets; sourceTree = "<group>"; };
		F7040CA826703E8700032247 /* Base */ = {isa = PBXFileReference; lastKnownFileType = file.storyboard; name = Base; path = Base.lproj/LaunchScreen.storyboard; sourceTree = "<group>"; };
		F7040CAA26703E8700032247 /* Info.plist */ = {isa = PBXFileReference; lastKnownFileType = text.plist.xml; path = Info.plist; sourceTree = "<group>"; };
		F7040CB02670449E00032247 /* GameScreenController.swift */ = {isa = PBXFileReference; lastKnownFileType = sourcecode.swift; path = GameScreenController.swift; sourceTree = "<group>"; };
		F730A20426C353F300271D23 /* confetti-firework.json */ = {isa = PBXFileReference; fileEncoding = 4; lastKnownFileType = text.json; path = "confetti-firework.json"; sourceTree = "<group>"; };
		F76F0FF526A10CF500EF2A9F /* confetti.json */ = {isa = PBXFileReference; fileEncoding = 4; lastKnownFileType = text.json; path = confetti.json; sourceTree = "<group>"; };
		F7879D8D2682BBC600E296FD /* loseViewController.swift */ = {isa = PBXFileReference; lastKnownFileType = sourcecode.swift; path = loseViewController.swift; sourceTree = "<group>"; };
		F7879D8F2685591F00E296FD /* goodJobScreen.swift */ = {isa = PBXFileReference; lastKnownFileType = sourcecode.swift; path = goodJobScreen.swift; sourceTree = "<group>"; };
/* End PBXFileReference section */

/* Begin PBXFrameworksBuildPhase section */
		F7040C9626703E8500032247 /* Frameworks */ = {
			isa = PBXFrameworksBuildPhase;
			buildActionMask = 2147483647;
			files = (
				B52E167A8AF4E39EF2CEA446 /* libPods-ThinkFast.a in Frameworks */,
			);
			runOnlyForDeploymentPostprocessing = 0;
		};
/* End PBXFrameworksBuildPhase section */

/* Begin PBXGroup section */
		2505296C623FF83EF54FD898 /* Frameworks */ = {
			isa = PBXGroup;
			children = (
				90DD721DC31ED275D6E7A43A /* libPods-ThinkFast.a */,
			);
			name = Frameworks;
			sourceTree = "<group>";
		};
		F7040C9026703E8500032247 = {
			isa = PBXGroup;
			children = (
				F7040C9B26703E8500032247 /* ThinkFast */,
				F7040C9A26703E8500032247 /* Products */,
				F81234B889C49A10E4F7DA92 /* Pods */,
				2505296C623FF83EF54FD898 /* Frameworks */,
			);
			sourceTree = "<group>";
		};
		F7040C9A26703E8500032247 /* Products */ = {
			isa = PBXGroup;
			children = (
				F7040C9926703E8500032247 /* ThinkFast.app */,
			);
			name = Products;
			sourceTree = "<group>";
		};
		F7040C9B26703E8500032247 /* ThinkFast */ = {
			isa = PBXGroup;
			children = (
				F76F0FF526A10CF500EF2A9F /* confetti.json */,
				F730A20426C353F300271D23 /* confetti-firework.json */,
				F7879D8D2682BBC600E296FD /* loseViewController.swift */,
				F7040C9C26703E8500032247 /* AppDelegate.swift */,
				F7040C9E26703E8500032247 /* SceneDelegate.swift */,
				F7040CA026703E8500032247 /* ViewController.swift */,
				F7040CA226703E8500032247 /* Main.storyboard */,
				F7879D8F2685591F00E296FD /* goodJobScreen.swift */,
				F7040CB02670449E00032247 /* GameScreenController.swift */,
				F7040CA526703E8700032247 /* Assets.xcassets */,
				F7040CA726703E8700032247 /* LaunchScreen.storyboard */,
				F7040CAA26703E8700032247 /* Info.plist */,
			);
			path = ThinkFast;
			sourceTree = "<group>";
		};
		F81234B889C49A10E4F7DA92 /* Pods */ = {
			isa = PBXGroup;
			children = (
				DA442EC4BB52C73FF7886B6F /* Pods-ThinkFast.debug.xcconfig */,
				9949DCCDD53FEFBA3C9BF29E /* Pods-ThinkFast.release.xcconfig */,
			);
			path = Pods;
			sourceTree = "<group>";
		};
/* End PBXGroup section */

/* Begin PBXNativeTarget section */
		F7040C9826703E8500032247 /* ThinkFast */ = {
			isa = PBXNativeTarget;
			buildConfigurationList = F7040CAD26703E8700032247 /* Build configuration list for PBXNativeTarget "ThinkFast" */;
			buildPhases = (
				E87676461F68C5D7583E2F0A /* [CP] Check Pods Manifest.lock */,
				F7040C9526703E8500032247 /* Sources */,
				F7040C9626703E8500032247 /* Frameworks */,
				F7040C9726703E8500032247 /* Resources */,
			);
			buildRules = (
			);
			dependencies = (
			);
			name = ThinkFast;
			productName = ThinkFast;
			productReference = F7040C9926703E8500032247 /* ThinkFast.app */;
			productType = "com.apple.product-type.application";
		};
/* End PBXNativeTarget section */

/* Begin PBXProject section */
		F7040C9126703E8500032247 /* Project object */ = {
			isa = PBXProject;
			attributes = {
				LastSwiftUpdateCheck = 1250;
				LastUpgradeCheck = 1250;
				TargetAttributes = {
					F7040C9826703E8500032247 = {
						CreatedOnToolsVersion = 12.5;
					};
				};
			};
			buildConfigurationList = F7040C9426703E8500032247 /* Build configuration list for PBXProject "ThinkFast" */;
			compatibilityVersion = "Xcode 9.3";
			developmentRegion = en;
			hasScannedForEncodings = 0;
			knownRegions = (
				en,
				Base,
			);
			mainGroup = F7040C9026703E8500032247;
			productRefGroup = F7040C9A26703E8500032247 /* Products */;
			projectDirPath = "";
			projectRoot = "";
			targets = (
				F7040C9826703E8500032247 /* ThinkFast */,
			);
		};
/* End PBXProject section */

/* Begin PBXResourcesBuildPhase section */
		F7040C9726703E8500032247 /* Resources */ = {
			isa = PBXResourcesBuildPhase;
			buildActionMask = 2147483647;
			files = (
				F76F0FF626A10CF500EF2A9F /* confetti.json in Resources */,
				F7040CA926703E8700032247 /* LaunchScreen.storyboard in Resources */,
				F7040CA626703E8700032247 /* Assets.xcassets in Resources */,
				F730A20526C353F300271D23 /* confetti-firework.json in Resources */,
				F7040CA426703E8500032247 /* Main.storyboard in Resources */,
			);
			runOnlyForDeploymentPostprocessing = 0;
		};
/* End PBXResourcesBuildPhase section */

/* Begin PBXShellScriptBuildPhase section */
		E87676461F68C5D7583E2F0A /* [CP] Check Pods Manifest.lock */ = {
			isa = PBXShellScriptBuildPhase;
			buildActionMask = 2147483647;
			files = (
			);
			inputFileListPaths = (
			);
			inputPaths = (
				"${PODS_PODFILE_DIR_PATH}/Podfile.lock",
				"${PODS_ROOT}/Manifest.lock",
			);
			name = "[CP] Check Pods Manifest.lock";
			outputFileListPaths = (
			);
			outputPaths = (
				"$(DERIVED_FILE_DIR)/Pods-ThinkFast-checkManifestLockResult.txt",
			);
			runOnlyForDeploymentPostprocessing = 0;
			shellPath = /bin/sh;
			shellScript = "diff \"${PODS_PODFILE_DIR_PATH}/Podfile.lock\" \"${PODS_ROOT}/Manifest.lock\" > /dev/null\nif [ $? != 0 ] ; then\n    # print error to STDERR\n    echo \"error: The sandbox is not in sync with the Podfile.lock. Run 'pod install' or update your CocoaPods installation.\" >&2\n    exit 1\nfi\n# This output is used by Xcode 'outputs' to avoid re-running this script phase.\necho \"SUCCESS\" > \"${SCRIPT_OUTPUT_FILE_0}\"\n";
			showEnvVarsInLog = 0;
		};
/* End PBXShellScriptBuildPhase section */

/* Begin PBXSourcesBuildPhase section */
		F7040C9526703E8500032247 /* Sources */ = {
			isa = PBXSourcesBuildPhase;
			buildActionMask = 2147483647;
			files = (
				F7879D902685591F00E296FD /* goodJobScreen.swift in Sources */,
				F7040CA126703E8500032247 /* ViewController.swift in Sources */,
				F7879D8E2682BBC600E296FD /* loseViewController.swift in Sources */,
				F7040C9D26703E8500032247 /* AppDelegate.swift in Sources */,
				F7040C9F26703E8500032247 /* SceneDelegate.swift in Sources */,
				F7040CB12670449E00032247 /* GameScreenController.swift in Sources */,
			);
			runOnlyForDeploymentPostprocessing = 0;
		};
/* End PBXSourcesBuildPhase section */

/* Begin PBXVariantGroup section */
		F7040CA226703E8500032247 /* Main.storyboard */ = {
			isa = PBXVariantGroup;
			children = (
				F7040CA326703E8500032247 /* Base */,
			);
			name = Main.storyboard;
			sourceTree = "<group>";
		};
		F7040CA726703E8700032247 /* LaunchScreen.storyboard */ = {
			isa = PBXVariantGroup;
			children = (
				F7040CA826703E8700032247 /* Base */,
			);
			name = LaunchScreen.storyboard;
			sourceTree = "<group>";
		};
/* End PBXVariantGroup section */

/* Begin XCBuildConfiguration section */
		F7040CAB26703E8700032247 /* Debug */ = {
			isa = XCBuildConfiguration;
			buildSettings = {
				ALWAYS_SEARCH_USER_PATHS = NO;
				CLANG_ANALYZER_NONNULL = YES;
				CLANG_ANALYZER_NUMBER_OBJECT_CONVERSION = YES_AGGRESSIVE;
				CLANG_CXX_LANGUAGE_STANDARD = "gnu++14";
				CLANG_CXX_LIBRARY = "libc++";
				CLANG_ENABLE_MODULES = YES;
				CLANG_ENABLE_OBJC_ARC = YES;
				CLANG_ENABLE_OBJC_WEAK = YES;
				CLANG_WARN_BLOCK_CAPTURE_AUTORELEASING = YES;
				CLANG_WARN_BOOL_CONVERSION = YES;
				CLANG_WARN_COMMA = YES;
				CLANG_WARN_CONSTANT_CONVERSION = YES;
				CLANG_WARN_DEPRECATED_OBJC_IMPLEMENTATIONS = YES;
				CLANG_WARN_DIRECT_OBJC_ISA_USAGE = YES_ERROR;
				CLANG_WARN_DOCUMENTATION_COMMENTS = YES;
				CLANG_WARN_EMPTY_BODY = YES;
				CLANG_WARN_ENUM_CONVERSION = YES;
				CLANG_WARN_INFINITE_RECURSION = YES;
				CLANG_WARN_INT_CONVERSION = YES;
				CLANG_WARN_NON_LITERAL_NULL_CONVERSION = YES;
				CLANG_WARN_OBJC_IMPLICIT_RETAIN_SELF = YES;
				CLANG_WARN_OBJC_LITERAL_CONVERSION = YES;
				CLANG_WARN_OBJC_ROOT_CLASS = YES_ERROR;
				CLANG_WARN_QUOTED_INCLUDE_IN_FRAMEWORK_HEADER = YES;
				CLANG_WARN_RANGE_LOOP_ANALYSIS = YES;
				CLANG_WARN_STRICT_PROTOTYPES = YES;
				CLANG_WARN_SUSPICIOUS_MOVE = YES;
				CLANG_WARN_UNGUARDED_AVAILABILITY = YES_AGGRESSIVE;
				CLANG_WARN_UNREACHABLE_CODE = YES;
				CLANG_WARN__DUPLICATE_METHOD_MATCH = YES;
				COPY_PHASE_STRIP = NO;
				DEBUG_INFORMATION_FORMAT = dwarf;
				ENABLE_STRICT_OBJC_MSGSEND = YES;
				ENABLE_TESTABILITY = YES;
				GCC_C_LANGUAGE_STANDARD = gnu11;
				GCC_DYNAMIC_NO_PIC = NO;
				GCC_NO_COMMON_BLOCKS = YES;
				GCC_OPTIMIZATION_LEVEL = 0;
				GCC_PREPROCESSOR_DEFINITIONS = (
					"DEBUG=1",
					"$(inherited)",
				);
				GCC_WARN_64_TO_32_BIT_CONVERSION = YES;
				GCC_WARN_ABOUT_RETURN_TYPE = YES_ERROR;
				GCC_WARN_UNDECLARED_SELECTOR = YES;
				GCC_WARN_UNINITIALIZED_AUTOS = YES_AGGRESSIVE;
				GCC_WARN_UNUSED_FUNCTION = YES;
				GCC_WARN_UNUSED_VARIABLE = YES;
				IPHONEOS_DEPLOYMENT_TARGET = 14.5;
				MTL_ENABLE_DEBUG_INFO = INCLUDE_SOURCE;
				MTL_FAST_MATH = YES;
				ONLY_ACTIVE_ARCH = YES;
				SDKROOT = iphoneos;
				SWIFT_ACTIVE_COMPILATION_CONDITIONS = DEBUG;
				SWIFT_OPTIMIZATION_LEVEL = "-Onone";
			};
			name = Debug;
		};
		F7040CAC26703E8700032247 /* Release */ = {
			isa = XCBuildConfiguration;
			buildSettings = {
				ALWAYS_SEARCH_USER_PATHS = NO;
				CLANG_ANALYZER_NONNULL = YES;
				CLANG_ANALYZER_NUMBER_OBJECT_CONVERSION = YES_AGGRESSIVE;
				CLANG_CXX_LANGUAGE_STANDARD = "gnu++14";
				CLANG_CXX_LIBRARY = "libc++";
				CLANG_ENABLE_MODULES = YES;
				CLANG_ENABLE_OBJC_ARC = YES;
				CLANG_ENABLE_OBJC_WEAK = YES;
				CLANG_WARN_BLOCK_CAPTURE_AUTORELEASING = YES;
				CLANG_WARN_BOOL_CONVERSION = YES;
				CLANG_WARN_COMMA = YES;
				CLANG_WARN_CONSTANT_CONVERSION = YES;
				CLANG_WARN_DEPRECATED_OBJC_IMPLEMENTATIONS = YES;
				CLANG_WARN_DIRECT_OBJC_ISA_USAGE = YES_ERROR;
				CLANG_WARN_DOCUMENTATION_COMMENTS = YES;
				CLANG_WARN_EMPTY_BODY = YES;
				CLANG_WARN_ENUM_CONVERSION = YES;
				CLANG_WARN_INFINITE_RECURSION = YES;
				CLANG_WARN_INT_CONVERSION = YES;
				CLANG_WARN_NON_LITERAL_NULL_CONVERSION = YES;
				CLANG_WARN_OBJC_IMPLICIT_RETAIN_SELF = YES;
				CLANG_WARN_OBJC_LITERAL_CONVERSION = YES;
				CLANG_WARN_OBJC_ROOT_CLASS = YES_ERROR;
				CLANG_WARN_QUOTED_INCLUDE_IN_FRAMEWORK_HEADER = YES;
				CLANG_WARN_RANGE_LOOP_ANALYSIS = YES;
				CLANG_WARN_STRICT_PROTOTYPES = YES;
				CLANG_WARN_SUSPICIOUS_MOVE = YES;
				CLANG_WARN_UNGUARDED_AVAILABILITY = YES_AGGRESSIVE;
				CLANG_WARN_UNREACHABLE_CODE = YES;
				CLANG_WARN__DUPLICATE_METHOD_MATCH = YES;
				COPY_PHASE_STRIP = NO;
				DEBUG_INFORMATION_FORMAT = "dwarf-with-dsym";
				ENABLE_NS_ASSERTIONS = NO;
				ENABLE_STRICT_OBJC_MSGSEND = YES;
				GCC_C_LANGUAGE_STANDARD = gnu11;
				GCC_NO_COMMON_BLOCKS = YES;
				GCC_WARN_64_TO_32_BIT_CONVERSION = YES;
				GCC_WARN_ABOUT_RETURN_TYPE = YES_ERROR;
				GCC_WARN_UNDECLARED_SELECTOR = YES;
				GCC_WARN_UNINITIALIZED_AUTOS = YES_AGGRESSIVE;
				GCC_WARN_UNUSED_FUNCTION = YES;
				GCC_WARN_UNUSED_VARIABLE = YES;
				IPHONEOS_DEPLOYMENT_TARGET = 14.5;
				MTL_ENABLE_DEBUG_INFO = NO;
				MTL_FAST_MATH = YES;
				SDKROOT = iphoneos;
				SWIFT_COMPILATION_MODE = wholemodule;
				SWIFT_OPTIMIZATION_LEVEL = "-O";
				VALIDATE_PRODUCT = YES;
			};
			name = Release;
		};
		F7040CAE26703E8700032247 /* Debug */ = {
			isa = XCBuildConfiguration;
			baseConfigurationReference = DA442EC4BB52C73FF7886B6F /* Pods-ThinkFast.debug.xcconfig */;
			buildSettings = {
				ASSETCATALOG_COMPILER_APPICON_NAME = AppIcon;
				ASSETCATALOG_COMPILER_GLOBAL_ACCENT_COLOR_NAME = AccentColor;
				CODE_SIGN_STYLE = Automatic;
				DEVELOPMENT_TEAM = W6NQHWJ977;
				INFOPLIST_FILE = ThinkFast/Info.plist;
				LD_RUNPATH_SEARCH_PATHS = (
					"$(inherited)",
					"@executable_path/Frameworks",
				);
				PRODUCT_BUNDLE_IDENTIFIER = com.gregson.owen.ThinkFast;
				PRODUCT_NAME = "$(TARGET_NAME)";
				SWIFT_VERSION = 5.0;
				TARGETED_DEVICE_FAMILY = "1,2";
			};
			name = Debug;
		};
		F7040CAF26703E8700032247 /* Release */ = {
			isa = XCBuildConfiguration;
			baseConfigurationReference = 9949DCCDD53FEFBA3C9BF29E /* Pods-ThinkFast.release.xcconfig */;
			buildSettings = {
				ASSETCATALOG_COMPILER_APPICON_NAME = AppIcon;
				ASSETCATALOG_COMPILER_GLOBAL_ACCENT_COLOR_NAME = AccentColor;
				CODE_SIGN_STYLE = Automatic;
				DEVELOPMENT_TEAM = W6NQHWJ977;
				INFOPLIST_FILE = ThinkFast/Info.plist;
				LD_RUNPATH_SEARCH_PATHS = (
					"$(inherited)",
					"@executable_path/Frameworks",
				);
				PRODUCT_BUNDLE_IDENTIFIER = com.gregson.owen.ThinkFast;
				PRODUCT_NAME = "$(TARGET_NAME)";
				SWIFT_VERSION = 5.0;
				TARGETED_DEVICE_FAMILY = "1,2";
			};
			name = Release;
		};
/* End XCBuildConfiguration section */

/* Begin XCConfigurationList section */
		F7040C9426703E8500032247 /* Build configuration list for PBXProject "ThinkFast" */ = {
			isa = XCConfigurationList;
			buildConfigurations = (
				F7040CAB26703E8700032247 /* Debug */,
				F7040CAC26703E8700032247 /* Release */,
			);
			defaultConfigurationIsVisible = 0;
			defaultConfigurationName = Release;
		};
		F7040CAD26703E8700032247 /* Build configuration list for PBXNativeTarget "ThinkFast" */ = {
			isa = XCConfigurationList;
			buildConfigurations = (
				F7040CAE26703E8700032247 /* Debug */,
				F7040CAF26703E8700032247 /* Release */,
			);
			defaultConfigurationIsVisible = 0;
			defaultConfigurationName = Release;
		};
/* End XCConfigurationList section */
	};
	rootObject = F7040C9126703E8500032247 /* Project object */;
}
